
Microsoft Visual Studio Solution File, Format Version 10.00
# Visual Studio 2008
Project("{8BC9CEB8-8B4A-11D0-8D11-00A0C91BC942}") = "APWBorg.proj", "APWBorg.proj.vcproj", "{6552092F-3707-4A33-A7C8-4E8653F7C188}"
EndProject
Global
	GlobalSection(SolutionConfigurationPlatforms) = preSolution
		Debug|Win32 = Debug|Win32
		Release|Win32 = Release|Win32
	EndGlobalSection
	GlobalSection(ProjectConfigurationPlatforms) = postSolution
		{6552092F-3707-4A33-A7C8-4E8653F7C188}.Debug|Win32.ActiveCfg = Debug|Win32
		{6552092F-3707-4A33-A7C8-4E8653F7C188}.Debug|Win32.Build.0 = Debug|Win32
		{6552092F-3707-4A33-A7C8-4E8653F7C188}.Release|Win32.ActiveCfg = Release|Win32
		{6552092F-3707-4A33-A7C8-4E8653F7C188}.Release|Win32.Build.0 = Release|Win32
	EndGlobalSection
	GlobalSection(SolutionProperties) = preSolution
		HideSolutionNode = FALSE
	EndGlobalSection
EndGlobal
